
Microsoft Visual Studio Solution File, Format Version 12.00
# Visual Studio Version 17
VisualStudioVersion = 17.7.34009.444
MinimumVisualStudioVersion = 10.0.40219.1
Project("{FAE04EC0-301F-11D3-BF4B-00C04F79EFBC}") = "AgriculturePresentation", "AgriculturePresentation\AgriculturePresentation.csproj", "{5AE91F24-03C5-4C91-AA70-61AAB0C47C7F}"
EndProject
Project("{FAE04EC0-301F-11D3-BF4B-00C04F79EFBC}") = "EntityLayer", "EntityLayer\EntityLayer.csproj", "{6672EA1A-A70C-4CA9-9644-0D4B3B9F11DF}"
EndProject
Project("{FAE04EC0-301F-11D3-BF4B-00C04F79EFBC}") = "DataAccessLayer", "DataAccessLayer\DataAccessLayer.csproj", "{7F4620F0-2264-4B5E-A078-DC68A5BC8A7F}"
EndProject
Project("{FAE04EC0-301F-11D3-BF4B-00C04F79EFBC}") = "BusinessLayer", "BusinessLayer\BusinessLayer.csproj", "{A14634D6-E859-49E1-A0A3-25BFDF7E6CE0}"
EndProject
Global
	GlobalSection(SolutionConfigurationPlatforms) = preSolution
		Debug|Any CPU = Debug|Any CPU
		Release|Any CPU = Release|Any CPU
	EndGlobalSection
	GlobalSection(ProjectConfigurationPlatforms) = postSolution
		{5AE91F24-03C5-4C91-AA70-61AAB0C47C7F}.Debug|Any CPU.ActiveCfg = Debug|Any CPU
		{5AE91F24-03C5-4C91-AA70-61AAB0C47C7F}.Debug|Any CPU.Build.0 = Debug|Any CPU
		{5AE91F24-03C5-4C91-AA70-61AAB0C47C7F}.Release|Any CPU.ActiveCfg = Release|Any CPU
		{5AE91F24-03C5-4C91-AA70-61AAB0C47C7F}.Release|Any CPU.Build.0 = Release|Any CPU
		{6672EA1A-A70C-4CA9-9644-0D4B3B9F11DF}.Debug|Any CPU.ActiveCfg = Debug|Any CPU
		{6672EA1A-A70C-4CA9-9644-0D4B3B9F11DF}.Debug|Any CPU.Build.0 = Debug|Any CPU
		{6672EA1A-A70C-4CA9-9644-0D4B3B9F11DF}.Release|Any CPU.ActiveCfg = Release|Any CPU
		{6672EA1A-A70C-4CA9-9644-0D4B3B9F11DF}.Release|Any CPU.Build.0 = Release|Any CPU
		{7F4620F0-2264-4B5E-A078-DC68A5BC8A7F}.Debug|Any CPU.ActiveCfg = Debug|Any CPU
		{7F4620F0-2264-4B5E-A078-DC68A5BC8A7F}.Debug|Any CPU.Build.0 = Debug|Any CPU
		{7F4620F0-2264-4B5E-A078-DC68A5BC8A7F}.Release|Any CPU.ActiveCfg = Release|Any CPU
		{7F4620F0-2264-4B5E-A078-DC68A5BC8A7F}.Release|Any CPU.Build.0 = Release|Any CPU
		{A14634D6-E859-49E1-A0A3-25BFDF7E6CE0}.Debug|Any CPU.ActiveCfg = Debug|Any CPU
		{A14634D6-E859-49E1-A0A3-25BFDF7E6CE0}.Debug|Any CPU.Build.0 = Debug|Any CPU
		{A14634D6-E859-49E1-A0A3-25BFDF7E6CE0}.Release|Any CPU.ActiveCfg = Release|Any CPU
		{A14634D6-E859-49E1-A0A3-25BFDF7E6CE0}.Release|Any CPU.Build.0 = Release|Any CPU
	EndGlobalSection
	GlobalSection(SolutionProperties) = preSolution
		HideSolutionNode = FALSE
	EndGlobalSection
	GlobalSection(ExtensibilityGlobals) = postSolution
		SolutionGuid = {6A54BC20-BBE9-4EF8-98CF-C3F17017CA25}
	EndGlobalSection
EndGlobal
